// !$*UTF8*$!
{
	archiveVersion = 1;
	classes = {
	};
	objectVersion = 56;
	objects = {

/* Begin PBXBuildFile section */
		75C6AE3B2D6F212A002650E6 /* GameNightApp.swift in Sources */ = {isa = PBXBuildFile; fileRef = 75C6AE3A2D6F212A002650E6 /* GameNightApp.swift */; };
		75C6AE3F2D6F212E002650E6 /* Assets.xcassets in Resources */ = {isa = PBXBuildFile; fileRef = 75C6AE3E2D6F212E002650E6 /* Assets.xcassets */; };
		75C6AE422D6F212E002650E6 /* Preview Assets.xcassets in Resources */ = {isa = PBXBuildFile; fileRef = 75C6AE412D6F212E002650E6 /* Preview Assets.xcassets */; };
		75C6AE4C2D6F212E002650E6 /* GameNightTests.swift in Sources */ = {isa = PBXBuildFile; fileRef = 75C6AE4B2D6F212E002650E6 /* GameNightTests.swift */; };
		75C6AE562D6F212F002650E6 /* GameNightUITests.swift in Sources */ = {isa = PBXBuildFile; fileRef = 75C6AE552D6F212F002650E6 /* GameNightUITests.swift */; };
		75C6AE582D6F212F002650E6 /* GameNightUITestsLaunchTests.swift in Sources */ = {isa = PBXBuildFile; fileRef = 75C6AE572D6F212F002650E6 /* GameNightUITestsLaunchTests.swift */; };
		75C6AE652D6F228E002650E6 /* SplashScreen.swift in Sources */ = {isa = PBXBuildFile; fileRef = 75C6AE642D6F228E002650E6 /* SplashScreen.swift */; };
		75C6AE692D6F2302002650E6 /* TruthOrDareScreen.swift in Sources */ = {isa = PBXBuildFile; fileRef = 75C6AE682D6F2302002650E6 /* TruthOrDareScreen.swift */; };
		75C6AE6B2D6F2331002650E6 /* NeverHaveIEverScreen.swift in Sources */ = {isa = PBXBuildFile; fileRef = 75C6AE6A2D6F2331002650E6 /* NeverHaveIEverScreen.swift */; };
		75C6AE6D2D6F24B4002650E6 /* HomeScreen.swift in Sources */ = {isa = PBXBuildFile; fileRef = 75C6AE6C2D6F24B4002650E6 /* HomeScreen.swift */; };
		75C6AE6F2D6F2827002650E6 /* GameButtonStyle.swift in Sources */ = {isa = PBXBuildFile; fileRef = 75C6AE6E2D6F2827002650E6 /* GameButtonStyle.swift */; };
		75C6AE712D6F7DC3002650E6 /* LighterScreen.swift in Sources */ = {isa = PBXBuildFile; fileRef = 75C6AE702D6F7DC3002650E6 /* LighterScreen.swift */; };
/* End PBXBuildFile section */

/* Begin PBXContainerItemProxy section */
		75C6AE482D6F212E002650E6 /* PBXContainerItemProxy */ = {
			isa = PBXContainerItemProxy;
			containerPortal = 75C6AE2F2D6F212A002650E6 /* Project object */;
			proxyType = 1;
			remoteGlobalIDString = 75C6AE362D6F212A002650E6;
			remoteInfo = GameNight;
		};
		75C6AE522D6F212F002650E6 /* PBXContainerItemProxy */ = {
			isa = PBXContainerItemProxy;
			containerPortal = 75C6AE2F2D6F212A002650E6 /* Project object */;
			proxyType = 1;
			remoteGlobalIDString = 75C6AE362D6F212A002650E6;
			remoteInfo = GameNight;
		};
/* End PBXContainerItemProxy section */

/* Begin PBXFileReference section */
		75C6AE372D6F212A002650E6 /* GameNight.app */ = {isa = PBXFileReference; explicitFileType = wrapper.application; includeInIndex = 0; path = GameNight.app; sourceTree = BUILT_PRODUCTS_DIR; };
		75C6AE3A2D6F212A002650E6 /* GameNightApp.swift */ = {isa = PBXFileReference; lastKnownFileType = sourcecode.swift; path = GameNightApp.swift; sourceTree = "<group>"; };
		75C6AE3E2D6F212E002650E6 /* Assets.xcassets */ = {isa = PBXFileReference; lastKnownFileType = folder.assetcatalog; path = Assets.xcassets; sourceTree = "<group>"; };
		75C6AE412D6F212E002650E6 /* Preview Assets.xcassets */ = {isa = PBXFileReference; lastKnownFileType = folder.assetcatalog; path = "Preview Assets.xcassets"; sourceTree = "<group>"; };
		75C6AE472D6F212E002650E6 /* GameNightTests.xctest */ = {isa = PBXFileReference; explicitFileType = wrapper.cfbundle; includeInIndex = 0; path = GameNightTests.xctest; sourceTree = BUILT_PRODUCTS_DIR; };
		75C6AE4B2D6F212E002650E6 /* GameNightTests.swift */ = {isa = PBXFileReference; lastKnownFileType = sourcecode.swift; path = GameNightTests.swift; sourceTree = "<group>"; };
		75C6AE512D6F212F002650E6 /* GameNightUITests.xctest */ = {isa = PBXFileReference; explicitFileType = wrapper.cfbundle; includeInIndex = 0; path = GameNightUITests.xctest; sourceTree = BUILT_PRODUCTS_DIR; };
		75C6AE552D6F212F002650E6 /* GameNightUITests.swift */ = {isa = PBXFileReference; lastKnownFileType = sourcecode.swift; path = GameNightUITests.swift; sourceTree = "<group>"; };
		75C6AE572D6F212F002650E6 /* GameNightUITestsLaunchTests.swift */ = {isa = PBXFileReference; lastKnownFileType = sourcecode.swift; path = GameNightUITestsLaunchTests.swift; sourceTree = "<group>"; };
		75C6AE642D6F228E002650E6 /* SplashScreen.swift */ = {isa = PBXFileReference; lastKnownFileType = sourcecode.swift; path = SplashScreen.swift; sourceTree = "<group>"; };
		75C6AE682D6F2302002650E6 /* TruthOrDareScreen.swift */ = {isa = PBXFileReference; lastKnownFileType = sourcecode.swift; path = TruthOrDareScreen.swift; sourceTree = "<group>"; };
		75C6AE6A2D6F2331002650E6 /* NeverHaveIEverScreen.swift */ = {isa = PBXFileReference; lastKnownFileType = sourcecode.swift; path = NeverHaveIEverScreen.swift; sourceTree = "<group>"; };
		75C6AE6C2D6F24B4002650E6 /* HomeScreen.swift */ = {isa = PBXFileReference; lastKnownFileType = sourcecode.swift; path = HomeScreen.swift; sourceTree = "<group>"; };
		75C6AE6E2D6F2827002650E6 /* GameButtonStyle.swift */ = {isa = PBXFileReference; lastKnownFileType = sourcecode.swift; path = GameButtonStyle.swift; sourceTree = "<group>"; };
		75C6AE702D6F7DC3002650E6 /* LighterScreen.swift */ = {isa = PBXFileReference; lastKnownFileType = sourcecode.swift; path = LighterScreen.swift; sourceTree = "<group>"; };
/* End PBXFileReference section */

/* Begin PBXFrameworksBuildPhase section */
		75C6AE342D6F212A002650E6 /* Frameworks */ = {
			isa = PBXFrameworksBuildPhase;
			buildActionMask = 2147483647;
			files = (
			);
			runOnlyForDeploymentPostprocessing = 0;
		};
		75C6AE442D6F212E002650E6 /* Frameworks */ = {
			isa = PBXFrameworksBuildPhase;
			buildActionMask = 2147483647;
			files = (
			);
			runOnlyForDeploymentPostprocessing = 0;
		};
		75C6AE4E2D6F212F002650E6 /* Frameworks */ = {
			isa = PBXFrameworksBuildPhase;
			buildActionMask = 2147483647;
			files = (
			);
			runOnlyForDeploymentPostprocessing = 0;
		};
/* End PBXFrameworksBuildPhase section */

/* Begin PBXGroup section */
		75C6AE2E2D6F212A002650E6 = {
			isa = PBXGroup;
			children = (
				75C6AE392D6F212A002650E6 /* GameNight */,
				75C6AE4A2D6F212E002650E6 /* GameNightTests */,
				75C6AE542D6F212F002650E6 /* GameNightUITests */,
				75C6AE382D6F212A002650E6 /* Products */,
			);
			sourceTree = "<group>";
		};
		75C6AE382D6F212A002650E6 /* Products */ = {
			isa = PBXGroup;
			children = (
				75C6AE372D6F212A002650E6 /* GameNight.app */,
				75C6AE472D6F212E002650E6 /* GameNightTests.xctest */,
				75C6AE512D6F212F002650E6 /* GameNightUITests.xctest */,
			);
			name = Products;
			sourceTree = "<group>";
		};
		75C6AE392D6F212A002650E6 /* GameNight */ = {
			isa = PBXGroup;
			children = (
				75C6AE3A2D6F212A002650E6 /* GameNightApp.swift */,
				75C6AE6C2D6F24B4002650E6 /* HomeScreen.swift */,
				75C6AE642D6F228E002650E6 /* SplashScreen.swift */,
				75C6AE702D6F7DC3002650E6 /* LighterScreen.swift */,
				75C6AE682D6F2302002650E6 /* TruthOrDareScreen.swift */,
				75C6AE6E2D6F2827002650E6 /* GameButtonStyle.swift */,
				75C6AE6A2D6F2331002650E6 /* NeverHaveIEverScreen.swift */,
				75C6AE3E2D6F212E002650E6 /* Assets.xcassets */,
				75C6AE402D6F212E002650E6 /* Preview Content */,
			);
			path = GameNight;
			sourceTree = "<group>";
		};
		75C6AE402D6F212E002650E6 /* Preview Content */ = {
			isa = PBXGroup;
			children = (
				75C6AE412D6F212E002650E6 /* Preview Assets.xcassets */,
			);
			path = "Preview Content";
			sourceTree = "<group>";
		};
		75C6AE4A2D6F212E002650E6 /* GameNightTests */ = {
			isa = PBXGroup;
			children = (
				75C6AE4B2D6F212E002650E6 /* GameNightTests.swift */,
			);
			path = GameNightTests;
			sourceTree = "<group>";
		};
		75C6AE542D6F212F002650E6 /* GameNightUITests */ = {
			isa = PBXGroup;
			children = (
				75C6AE552D6F212F002650E6 /* GameNightUITests.swift */,
				75C6AE572D6F212F002650E6 /* GameNightUITestsLaunchTests.swift */,
			);
			path = GameNightUITests;
			sourceTree = "<group>";
		};
/* End PBXGroup section */

/* Begin PBXNativeTarget section */
		75C6AE362D6F212A002650E6 /* GameNight */ = {
			isa = PBXNativeTarget;
			buildConfigurationList = 75C6AE5B2D6F212F002650E6 /* Build configuration list for PBXNativeTarget "GameNight" */;
			buildPhases = (
				75C6AE332D6F212A002650E6 /* Sources */,
				75C6AE342D6F212A002650E6 /* Frameworks */,
				75C6AE352D6F212A002650E6 /* Resources */,
			);
			buildRules = (
			);
			dependencies = (
			);
			name = GameNight;
			productName = GameNight;
			productReference = 75C6AE372D6F212A002650E6 /* GameNight.app */;
			productType = "com.apple.product-type.application";
		};
		75C6AE462D6F212E002650E6 /* GameNightTests */ = {
			isa = PBXNativeTarget;
			buildConfigurationList = 75C6AE5E2D6F212F002650E6 /* Build configuration list for PBXNativeTarget "GameNightTests" */;
			buildPhases = (
				75C6AE432D6F212E002650E6 /* Sources */,
				75C6AE442D6F212E002650E6 /* Frameworks */,
				75C6AE452D6F212E002650E6 /* Resources */,
			);
			buildRules = (
			);
			dependencies = (
				75C6AE492D6F212E002650E6 /* PBXTargetDependency */,
			);
			name = GameNightTests;
			productName = GameNightTests;
			productReference = 75C6AE472D6F212E002650E6 /* GameNightTests.xctest */;
			productType = "com.apple.product-type.bundle.unit-test";
		};
		75C6AE502D6F212F002650E6 /* GameNightUITests */ = {
			isa = PBXNativeTarget;
			buildConfigurationList = 75C6AE612D6F212F002650E6 /* Build configuration list for PBXNativeTarget "GameNightUITests" */;
			buildPhases = (
				75C6AE4D2D6F212F002650E6 /* Sources */,
				75C6AE4E2D6F212F002650E6 /* Frameworks */,
				75C6AE4F2D6F212F002650E6 /* Resources */,
			);
			buildRules = (
			);
			dependencies = (
				75C6AE532D6F212F002650E6 /* PBXTargetDependency */,
			);
			name = GameNightUITests;
			productName = GameNightUITests;
			productReference = 75C6AE512D6F212F002650E6 /* GameNightUITests.xctest */;
			productType = "com.apple.product-type.bundle.ui-testing";
		};
/* End PBXNativeTarget section */

/* Begin PBXProject section */
		75C6AE2F2D6F212A002650E6 /* Project object */ = {
			isa = PBXProject;
			attributes = {
				BuildIndependentTargetsInParallel = 1;
				LastSwiftUpdateCheck = 1520;
				LastUpgradeCheck = 1520;
				TargetAttributes = {
					75C6AE362D6F212A002650E6 = {
						CreatedOnToolsVersion = 15.2;
					};
					75C6AE462D6F212E002650E6 = {
						CreatedOnToolsVersion = 15.2;
						TestTargetID = 75C6AE362D6F212A002650E6;
					};
					75C6AE502D6F212F002650E6 = {
						CreatedOnToolsVersion = 15.2;
						TestTargetID = 75C6AE362D6F212A002650E6;
					};
				};
			};
			buildConfigurationList = 75C6AE322D6F212A002650E6 /* Build configuration list for PBXProject "GameNight" */;
			compatibilityVersion = "Xcode 14.0";
			developmentRegion = en;
			hasScannedForEncodings = 0;
			knownRegions = (
				en,
				Base,
			);
			mainGroup = 75C6AE2E2D6F212A002650E6;
			productRefGroup = 75C6AE382D6F212A002650E6 /* Products */;
			projectDirPath = "";
			projectRoot = "";
			targets = (
				75C6AE362D6F212A002650E6 /* GameNight */,
				75C6AE462D6F212E002650E6 /* GameNightTests */,
				75C6AE502D6F212F002650E6 /* GameNightUITests */,
			);
		};
/* End PBXProject section */

/* Begin PBXResourcesBuildPhase section */
		75C6AE352D6F212A002650E6 /* Resources */ = {
			isa = PBXResourcesBuildPhase;
			buildActionMask = 2147483647;
			files = (
				75C6AE422D6F212E002650E6 /* Preview Assets.xcassets in Resources */,
				75C6AE3F2D6F212E002650E6 /* Assets.xcassets in Resources */,
			);
			runOnlyForDeploymentPostprocessing = 0;
		};
		75C6AE452D6F212E002650E6 /* Resources */ = {
			isa = PBXResourcesBuildPhase;
			buildActionMask = 2147483647;
			files = (
			);
			runOnlyForDeploymentPostprocessing = 0;
		};
		75C6AE4F2D6F212F002650E6 /* Resources */ = {
			isa = PBXResourcesBuildPhase;
			buildActionMask = 2147483647;
			files = (
			);
			runOnlyForDeploymentPostprocessing = 0;
		};
/* End PBXResourcesBuildPhase section */

/* Begin PBXSourcesBuildPhase section */
		75C6AE332D6F212A002650E6 /* Sources */ = {
			isa = PBXSourcesBuildPhase;
			buildActionMask = 2147483647;
			files = (
				75C6AE712D6F7DC3002650E6 /* LighterScreen.swift in Sources */,
				75C6AE6B2D6F2331002650E6 /* NeverHaveIEverScreen.swift in Sources */,
				75C6AE6F2D6F2827002650E6 /* GameButtonStyle.swift in Sources */,
				75C6AE652D6F228E002650E6 /* SplashScreen.swift in Sources */,
				75C6AE6D2D6F24B4002650E6 /* HomeScreen.swift in Sources */,
				75C6AE692D6F2302002650E6 /* TruthOrDareScreen.swift in Sources */,
				75C6AE3B2D6F212A002650E6 /* GameNightApp.swift in Sources */,
			);
			runOnlyForDeploymentPostprocessing = 0;
		};
		75C6AE432D6F212E002650E6 /* Sources */ = {
			isa = PBXSourcesBuildPhase;
			buildActionMask = 2147483647;
			files = (
				75C6AE4C2D6F212E002650E6 /* GameNightTests.swift in Sources */,
			);
			runOnlyForDeploymentPostprocessing = 0;
		};
		75C6AE4D2D6F212F002650E6 /* Sources */ = {
			isa = PBXSourcesBuildPhase;
			buildActionMask = 2147483647;
			files = (
				75C6AE562D6F212F002650E6 /* GameNightUITests.swift in Sources */,
				75C6AE582D6F212F002650E6 /* GameNightUITestsLaunchTests.swift in Sources */,
			);
			runOnlyForDeploymentPostprocessing = 0;
		};
/* End PBXSourcesBuildPhase section */

/* Begin PBXTargetDependency section */
		75C6AE492D6F212E002650E6 /* PBXTargetDependency */ = {
			isa = PBXTargetDependency;
			target = 75C6AE362D6F212A002650E6 /* GameNight */;
			targetProxy = 75C6AE482D6F212E002650E6 /* PBXContainerItemProxy */;
		};
		75C6AE532D6F212F002650E6 /* PBXTargetDependency */ = {
			isa = PBXTargetDependency;
			target = 75C6AE362D6F212A002650E6 /* GameNight */;
			targetProxy = 75C6AE522D6F212F002650E6 /* PBXContainerItemProxy */;
		};
/* End PBXTargetDependency section */

/* Begin XCBuildConfiguration section */
		75C6AE592D6F212F002650E6 /* Debug */ = {
			isa = XCBuildConfiguration;
			buildSettings = {
				ALWAYS_SEARCH_USER_PATHS = NO;
				ASSETCATALOG_COMPILER_GENERATE_SWIFT_ASSET_SYMBOL_EXTENSIONS = YES;
				CLANG_ANALYZER_NONNULL = YES;
				CLANG_ANALYZER_NUMBER_OBJECT_CONVERSION = YES_AGGRESSIVE;
				CLANG_CXX_LANGUAGE_STANDARD = "gnu++20";
				CLANG_ENABLE_MODULES = YES;
				CLANG_ENABLE_OBJC_ARC = YES;
				CLANG_ENABLE_OBJC_WEAK = YES;
				CLANG_WARN_BLOCK_CAPTURE_AUTORELEASING = YES;
				CLANG_WARN_BOOL_CONVERSION = YES;
				CLANG_WARN_COMMA = YES;
				CLANG_WARN_CONSTANT_CONVERSION = YES;
				CLANG_WARN_DEPRECATED_OBJC_IMPLEMENTATIONS = YES;
				CLANG_WARN_DIRECT_OBJC_ISA_USAGE = YES_ERROR;
				CLANG_WARN_DOCUMENTATION_COMMENTS = YES;
				CLANG_WARN_EMPTY_BODY = YES;
				CLANG_WARN_ENUM_CONVERSION = YES;
				CLANG_WARN_INFINITE_RECURSION = YES;
				CLANG_WARN_INT_CONVERSION = YES;
				CLANG_WARN_NON_LITERAL_NULL_CONVERSION = YES;
				CLANG_WARN_OBJC_IMPLICIT_RETAIN_SELF = YES;
				CLANG_WARN_OBJC_LITERAL_CONVERSION = YES;
				CLANG_WARN_OBJC_ROOT_CLASS = YES_ERROR;
				CLANG_WARN_QUOTED_INCLUDE_IN_FRAMEWORK_HEADER = YES;
				CLANG_WARN_RANGE_LOOP_ANALYSIS = YES;
				CLANG_WARN_STRICT_PROTOTYPES = YES;
				CLANG_WARN_SUSPICIOUS_MOVE = YES;
				CLANG_WARN_UNGUARDED_AVAILABILITY = YES_AGGRESSIVE;
				CLANG_WARN_UNREACHABLE_CODE = YES;
				CLANG_WARN__DUPLICATE_METHOD_MATCH = YES;
				COPY_PHASE_STRIP = NO;
				DEBUG_INFORMATION_FORMAT = dwarf;
				ENABLE_STRICT_OBJC_MSGSEND = YES;
				ENABLE_TESTABILITY = YES;
				ENABLE_USER_SCRIPT_SANDBOXING = YES;
				GCC_C_LANGUAGE_STANDARD = gnu17;
				GCC_DYNAMIC_NO_PIC = NO;
				GCC_NO_COMMON_BLOCKS = YES;
				GCC_OPTIMIZATION_LEVEL = 0;
				GCC_PREPROCESSOR_DEFINITIONS = (
					"DEBUG=1",
					"$(inherited)",
				);
				GCC_WARN_64_TO_32_BIT_CONVERSION = YES;
				GCC_WARN_ABOUT_RETURN_TYPE = YES_ERROR;
				GCC_WARN_UNDECLARED_SELECTOR = YES;
				GCC_WARN_UNINITIALIZED_AUTOS = YES_AGGRESSIVE;
				GCC_WARN_UNUSED_FUNCTION = YES;
				GCC_WARN_UNUSED_VARIABLE = YES;
				IPHONEOS_DEPLOYMENT_TARGET = 17.2;
				LOCALIZATION_PREFERS_STRING_CATALOGS = YES;
				MTL_ENABLE_DEBUG_INFO = INCLUDE_SOURCE;
				MTL_FAST_MATH = YES;
				ONLY_ACTIVE_ARCH = YES;
				SDKROOT = iphoneos;
				SWIFT_ACTIVE_COMPILATION_CONDITIONS = "DEBUG $(inherited)";
				SWIFT_OPTIMIZATION_LEVEL = "-Onone";
			};
			name = Debug;
		};
		75C6AE5A2D6F212F002650E6 /* Release */ = {
			isa = XCBuildConfiguration;
			buildSettings = {
				ALWAYS_SEARCH_USER_PATHS = NO;
				ASSETCATALOG_COMPILER_GENERATE_SWIFT_ASSET_SYMBOL_EXTENSIONS = YES;
				CLANG_ANALYZER_NONNULL = YES;
				CLANG_ANALYZER_NUMBER_OBJECT_CONVERSION = YES_AGGRESSIVE;
				CLANG_CXX_LANGUAGE_STANDARD = "gnu++20";
				CLANG_ENABLE_MODULES = YES;
				CLANG_ENABLE_OBJC_ARC = YES;
				CLANG_ENABLE_OBJC_WEAK = YES;
				CLANG_WARN_BLOCK_CAPTURE_AUTORELEASING = YES;
				CLANG_WARN_BOOL_CONVERSION = YES;
				CLANG_WARN_COMMA = YES;
				CLANG_WARN_CONSTANT_CONVERSION = YES;
				CLANG_WARN_DEPRECATED_OBJC_IMPLEMENTATIONS = YES;
				CLANG_WARN_DIRECT_OBJC_ISA_USAGE = YES_ERROR;
				CLANG_WARN_DOCUMENTATION_COMMENTS = YES;
				CLANG_WARN_EMPTY_BODY = YES;
				CLANG_WARN_ENUM_CONVERSION = YES;
				CLANG_WARN_INFINITE_RECURSION = YES;
				CLANG_WARN_INT_CONVERSION = YES;
				CLANG_WARN_NON_LITERAL_NULL_CONVERSION = YES;
				CLANG_WARN_OBJC_IMPLICIT_RETAIN_SELF = YES;
				CLANG_WARN_OBJC_LITERAL_CONVERSION = YES;
				CLANG_WARN_OBJC_ROOT_CLASS = YES_ERROR;
				CLANG_WARN_QUOTED_INCLUDE_IN_FRAMEWORK_HEADER = YES;
				CLANG_WARN_RANGE_LOOP_ANALYSIS = YES;
				CLANG_WARN_STRICT_PROTOTYPES = YES;
				CLANG_WARN_SUSPICIOUS_MOVE = YES;
				CLANG_WARN_UNGUARDED_AVAILABILITY = YES_AGGRESSIVE;
				CLANG_WARN_UNREACHABLE_CODE = YES;
				CLANG_WARN__DUPLICATE_METHOD_MATCH = YES;
				COPY_PHASE_STRIP = NO;
				DEBUG_INFORMATION_FORMAT = "dwarf-with-dsym";
				ENABLE_NS_ASSERTIONS = NO;
				ENABLE_STRICT_OBJC_MSGSEND = YES;
				ENABLE_USER_SCRIPT_SANDBOXING = YES;
				GCC_C_LANGUAGE_STANDARD = gnu17;
				GCC_NO_COMMON_BLOCKS = YES;
				GCC_WARN_64_TO_32_BIT_CONVERSION = YES;
				GCC_WARN_ABOUT_RETURN_TYPE = YES_ERROR;
				GCC_WARN_UNDECLARED_SELECTOR = YES;
				GCC_WARN_UNINITIALIZED_AUTOS = YES_AGGRESSIVE;
				GCC_WARN_UNUSED_FUNCTION = YES;
				GCC_WARN_UNUSED_VARIABLE = YES;
				IPHONEOS_DEPLOYMENT_TARGET = 17.2;
				LOCALIZATION_PREFERS_STRING_CATALOGS = YES;
				MTL_ENABLE_DEBUG_INFO = NO;
				MTL_FAST_MATH = YES;
				SDKROOT = iphoneos;
				SWIFT_COMPILATION_MODE = wholemodule;
				VALIDATE_PRODUCT = YES;
			};
			name = Release;
		};
		75C6AE5C2D6F212F002650E6 /* Debug */ = {
			isa = XCBuildConfiguration;
			buildSettings = {
				ASSETCATALOG_COMPILER_APPICON_NAME = AppIcon;
				ASSETCATALOG_COMPILER_GLOBAL_ACCENT_COLOR_NAME = AccentColor;
				CODE_SIGN_STYLE = Automatic;
				CURRENT_PROJECT_VERSION = 1;
				DEVELOPMENT_ASSET_PATHS = "\"GameNight/Preview Content\"";
				DEVELOPMENT_TEAM = 7J8485J2N4;
				ENABLE_PREVIEWS = YES;
				GENERATE_INFOPLIST_FILE = YES;
				INFOPLIST_KEY_LSApplicationCategoryType = "public.app-category.games";
				INFOPLIST_KEY_UIApplicationSceneManifest_Generation = YES;
				INFOPLIST_KEY_UIApplicationSupportsIndirectInputEvents = YES;
				INFOPLIST_KEY_UILaunchScreen_Generation = YES;
				INFOPLIST_KEY_UISupportedInterfaceOrientations = UIInterfaceOrientationPortrait;
				IPHONEOS_DEPLOYMENT_TARGET = 15.0;
				LD_RUNPATH_SEARCH_PATHS = (
					"$(inherited)",
					"@executable_path/Frameworks",
				);
				MARKETING_VERSION = 1.0;
				PRODUCT_BUNDLE_IDENTIFIER = com.fprojects.GameNights;
				PRODUCT_NAME = "$(TARGET_NAME)";
				SWIFT_EMIT_LOC_STRINGS = YES;
				SWIFT_VERSION = 5.0;
				TARGETED_DEVICE_FAMILY = "1,2";
			};
			name = Debug;
		};
		75C6AE5D2D6F212F002650E6 /* Release */ = {
			isa = XCBuildConfiguration;
			buildSettings = {
				ASSETCATALOG_COMPILER_APPICON_NAME = AppIcon;
				ASSETCATALOG_COMPILER_GLOBAL_ACCENT_COLOR_NAME = AccentColor;
				CODE_SIGN_STYLE = Automatic;
				CURRENT_PROJECT_VERSION = 1;
				DEVELOPMENT_ASSET_PATHS = "\"GameNight/Preview Content\"";
				DEVELOPMENT_TEAM = 7J8485J2N4;
				ENABLE_PREVIEWS = YES;
				GENERATE_INFOPLIST_FILE = YES;
				INFOPLIST_KEY_LSApplicationCategoryType = "public.app-category.games";
				INFOPLIST_KEY_UIApplicationSceneManifest_Generation = YES;
				INFOPLIST_KEY_UIApplicationSupportsIndirectInputEvents = YES;
				INFOPLIST_KEY_UILaunchScreen_Generation = YES;
				INFOPLIST_KEY_UISupportedInterfaceOrientations = UIInterfaceOrientationPortrait;
				IPHONEOS_DEPLOYMENT_TARGET = 15.0;
				LD_RUNPATH_SEARCH_PATHS = (
					"$(inherited)",
					"@executable_path/Frameworks",
				);
				MARKETING_VERSION = 1.0;
				PRODUCT_BUNDLE_IDENTIFIER = com.fprojects.GameNights;
				PRODUCT_NAME = "$(TARGET_NAME)";
				SWIFT_EMIT_LOC_STRINGS = YES;
				SWIFT_VERSION = 5.0;
				TARGETED_DEVICE_FAMILY = "1,2";
			};
			name = Release;
		};
		75C6AE5F2D6F212F002650E6 /* Debug */ = {
			isa = XCBuildConfiguration;
			buildSettings = {
				ALWAYS_EMBED_SWIFT_STANDARD_LIBRARIES = YES;
				BUNDLE_LOADER = "$(TEST_HOST)";
				CODE_SIGN_STYLE = Automatic;
				CURRENT_PROJECT_VERSION = 1;
				DEVELOPMENT_TEAM = 7J8485J2N4;
				GENERATE_INFOPLIST_FILE = YES;
				IPHONEOS_DEPLOYMENT_TARGET = 17.2;
				MARKETING_VERSION = 1.0;
				PRODUCT_BUNDLE_IDENTIFIER = com.fprojects.GameNightTests;
				PRODUCT_NAME = "$(TARGET_NAME)";
				SWIFT_EMIT_LOC_STRINGS = NO;
				SWIFT_VERSION = 5.0;
				TARGETED_DEVICE_FAMILY = "1,2";
				TEST_HOST = "$(BUILT_PRODUCTS_DIR)/GameNight.app/$(BUNDLE_EXECUTABLE_FOLDER_PATH)/GameNight";
			};
			name = Debug;
		};
		75C6AE602D6F212F002650E6 /* Release */ = {
			isa = XCBuildConfiguration;
			buildSettings = {
				ALWAYS_EMBED_SWIFT_STANDARD_LIBRARIES = YES;
				BUNDLE_LOADER = "$(TEST_HOST)";
				CODE_SIGN_STYLE = Automatic;
				CURRENT_PROJECT_VERSION = 1;
				DEVELOPMENT_TEAM = 7J8485J2N4;
				GENERATE_INFOPLIST_FILE = YES;
				IPHONEOS_DEPLOYMENT_TARGET = 17.2;
				MARKETING_VERSION = 1.0;
				PRODUCT_BUNDLE_IDENTIFIER = com.fprojects.GameNightTests;
				PRODUCT_NAME = "$(TARGET_NAME)";
				SWIFT_EMIT_LOC_STRINGS = NO;
				SWIFT_VERSION = 5.0;
				TARGETED_DEVICE_FAMILY = "1,2";
				TEST_HOST = "$(BUILT_PRODUCTS_DIR)/GameNight.app/$(BUNDLE_EXECUTABLE_FOLDER_PATH)/GameNight";
			};
			name = Release;
		};
		75C6AE622D6F212F002650E6 /* Debug */ = {
			isa = XCBuildConfiguration;
			buildSettings = {
				ALWAYS_EMBED_SWIFT_STANDARD_LIBRARIES = YES;
				CODE_SIGN_STYLE = Automatic;
				CURRENT_PROJECT_VERSION = 1;
				DEVELOPMENT_TEAM = 7J8485J2N4;
				GENERATE_INFOPLIST_FILE = YES;
				MARKETING_VERSION = 1.0;
				PRODUCT_BUNDLE_IDENTIFIER = com.fprojects.GameNightUITests;
				PRODUCT_NAME = "$(TARGET_NAME)";
				SWIFT_EMIT_LOC_STRINGS = NO;
				SWIFT_VERSION = 5.0;
				TARGETED_DEVICE_FAMILY = "1,2";
				TEST_TARGET_NAME = GameNight;
			};
			name = Debug;
		};
		75C6AE632D6F212F002650E6 /* Release */ = {
			isa = XCBuildConfiguration;
			buildSettings = {
				ALWAYS_EMBED_SWIFT_STANDARD_LIBRARIES = YES;
				CODE_SIGN_STYLE = Automatic;
				CURRENT_PROJECT_VERSION = 1;
				DEVELOPMENT_TEAM = 7J8485J2N4;
				GENERATE_INFOPLIST_FILE = YES;
				MARKETING_VERSION = 1.0;
				PRODUCT_BUNDLE_IDENTIFIER = com.fprojects.GameNightUITests;
				PRODUCT_NAME = "$(TARGET_NAME)";
				SWIFT_EMIT_LOC_STRINGS = NO;
				SWIFT_VERSION = 5.0;
				TARGETED_DEVICE_FAMILY = "1,2";
				TEST_TARGET_NAME = GameNight;
			};
			name = Release;
		};
/* End XCBuildConfiguration section */

/* Begin XCConfigurationList section */
		75C6AE322D6F212A002650E6 /* Build configuration list for PBXProject "GameNight" */ = {
			isa = XCConfigurationList;
			buildConfigurations = (
				75C6AE592D6F212F002650E6 /* Debug */,
				75C6AE5A2D6F212F002650E6 /* Release */,
			);
			defaultConfigurationIsVisible = 0;
			defaultConfigurationName = Release;
		};
		75C6AE5B2D6F212F002650E6 /* Build configuration list for PBXNativeTarget "GameNight" */ = {
			isa = XCConfigurationList;
			buildConfigurations = (
				75C6AE5C2D6F212F002650E6 /* Debug */,
				75C6AE5D2D6F212F002650E6 /* Release */,
			);
			defaultConfigurationIsVisible = 0;
			defaultConfigurationName = Release;
		};
		75C6AE5E2D6F212F002650E6 /* Build configuration list for PBXNativeTarget "GameNightTests" */ = {
			isa = XCConfigurationList;
			buildConfigurations = (
				75C6AE5F2D6F212F002650E6 /* Debug */,
				75C6AE602D6F212F002650E6 /* Release */,
			);
			defaultConfigurationIsVisible = 0;
			defaultConfigurationName = Release;
		};
		75C6AE612D6F212F002650E6 /* Build configuration list for PBXNativeTarget "GameNightUITests" */ = {
			isa = XCConfigurationList;
			buildConfigurations = (
				75C6AE622D6F212F002650E6 /* Debug */,
				75C6AE632D6F212F002650E6 /* Release */,
			);
			defaultConfigurationIsVisible = 0;
			defaultConfigurationName = Release;
		};
/* End XCConfigurationList section */
	};
	rootObject = 75C6AE2F2D6F212A002650E6 /* Project object */;
}
